
Microsoft Visual Studio Solution File, Format Version 12.00
# Visual Studio Version 17
VisualStudioVersion = 17.8.34322.80
MinimumVisualStudioVersion = 10.0.40219.1
Project("{FAE04EC0-301F-11D3-BF4B-00C04F79EFBC}") = "Project", "Project\Project.csproj", "{28209B6D-A1D0-4C5B-B88C-7E724F9B4697}"
EndProject
Global
	GlobalSection(SolutionConfigurationPlatforms) = preSolution
		Debug|Any CPU = Debug|Any CPU
		Release|Any CPU = Release|Any CPU
	EndGlobalSection
	GlobalSection(ProjectConfigurationPlatforms) = postSolution
		{28209B6D-A1D0-4C5B-B88C-7E724F9B4697}.Debug|Any CPU.ActiveCfg = Debug|Any CPU
		{28209B6D-A1D0-4C5B-B88C-7E724F9B4697}.Debug|Any CPU.Build.0 = Debug|Any CPU
		{28209B6D-A1D0-4C5B-B88C-7E724F9B4697}.Release|Any CPU.ActiveCfg = Release|Any CPU
		{28209B6D-A1D0-4C5B-B88C-7E724F9B4697}.Release|Any CPU.Build.0 = Release|Any CPU
	EndGlobalSection
	GlobalSection(SolutionProperties) = preSolution
		HideSolutionNode = FALSE
	EndGlobalSection
	GlobalSection(ExtensibilityGlobals) = postSolution
		SolutionGuid = {D96266C5-4C99-4332-86CF-1D775911DF74}
	EndGlobalSection
EndGlobal
